// !$*UTF8*$!
{
	archiveVersion = 1;
	classes = {
	};
	objectVersion = 56;
	objects = {

/* Begin PBXBuildFile section */
		356EF6D52C33E3B30053974F /* AppDelegate.swift in Sources */ = {isa = PBXBuildFile; fileRef = 356EF6D42C33E3B30053974F /* AppDelegate.swift */; };
		356EF6D72C33E3B30053974F /* SceneDelegate.swift in Sources */ = {isa = PBXBuildFile; fileRef = 356EF6D62C33E3B30053974F /* SceneDelegate.swift */; };
		356EF6D92C33E3B30053974F /* ViewController.swift in Sources */ = {isa = PBXBuildFile; fileRef = 356EF6D82C33E3B30053974F /* ViewController.swift */; };
		356EF6DE2C33E3B40053974F /* Assets.xcassets in Resources */ = {isa = PBXBuildFile; fileRef = 356EF6DD2C33E3B40053974F /* Assets.xcassets */; };
		356EF6E12C33E3B40053974F /* Base in Resources */ = {isa = PBXBuildFile; fileRef = 356EF6E02C33E3B40053974F /* Base */; };
		356EF6E92C33E5860053974F /* BaseViewController.swift in Sources */ = {isa = PBXBuildFile; fileRef = 356EF6E82C33E5860053974F /* BaseViewController.swift */; };
		356EF6EB2C33E5BD0053974F /* HomeViewController.swift in Sources */ = {isa = PBXBuildFile; fileRef = 356EF6EA2C33E5BD0053974F /* HomeViewController.swift */; };
		356EF6EE2C33ED880053974F /* RealmSwift in Frameworks */ = {isa = PBXBuildFile; productRef = 356EF6ED2C33ED880053974F /* RealmSwift */; };
		356EF6F42C33EDA70053974F /* SnapKit in Frameworks */ = {isa = PBXBuildFile; productRef = 356EF6F32C33EDA70053974F /* SnapKit */; };
		356EF6F72C33EEA20053974F /* ImageResource.swift in Sources */ = {isa = PBXBuildFile; fileRef = 356EF6F62C33EEA20053974F /* ImageResource.swift */; };
		356EF6F92C33EEB50053974F /* DesignResource.swift in Sources */ = {isa = PBXBuildFile; fileRef = 356EF6F82C33EEB50053974F /* DesignResource.swift */; };
		356EF6FE2C33F17C0053974F /* ReusableIdentifierProtocol.swift in Sources */ = {isa = PBXBuildFile; fileRef = 356EF6FD2C33F17C0053974F /* ReusableIdentifierProtocol.swift */; };
		356EF7002C33F1A10053974F /* HomeViewCollectionViewCell.swift in Sources */ = {isa = PBXBuildFile; fileRef = 356EF6FF2C33F1A10053974F /* HomeViewCollectionViewCell.swift */; };
		356EF7022C33F1C70053974F /* BaseCollectionViewCell.swift in Sources */ = {isa = PBXBuildFile; fileRef = 356EF7012C33F1C70053974F /* BaseCollectionViewCell.swift */; };
		356EF7052C33F1FC0053974F /* BaseTableViewCell.swift in Sources */ = {isa = PBXBuildFile; fileRef = 356EF7042C33F1FC0053974F /* BaseTableViewCell.swift */; };
		356EF7072C33F7830053974F /* AddTaskViewController.swift in Sources */ = {isa = PBXBuildFile; fileRef = 356EF7062C33F7830053974F /* AddTaskViewController.swift */; };
		356EF7092C33F7C30053974F /* TaskListDetailViewController.swift in Sources */ = {isa = PBXBuildFile; fileRef = 356EF7082C33F7C30053974F /* TaskListDetailViewController.swift */; };
		356EF70B2C33F7E00053974F /* TaskListDetailVCTableViewCell.swift in Sources */ = {isa = PBXBuildFile; fileRef = 356EF70A2C33F7E00053974F /* TaskListDetailVCTableViewCell.swift */; };
		3586C5102C343E2E0093A00F /* RealmModel.swift in Sources */ = {isa = PBXBuildFile; fileRef = 3586C50F2C343E2E0093A00F /* RealmModel.swift */; };
		3586C5122C34450F0093A00F /* ButtonConfiguration + Extension.swift in Sources */ = {isa = PBXBuildFile; fileRef = 3586C5112C34450F0093A00F /* ButtonConfiguration + Extension.swift */; };
/* End PBXBuildFile section */

/* Begin PBXFileReference section */
		356EF6D12C33E3B30053974F /* ReminderApp.app */ = {isa = PBXFileReference; explicitFileType = wrapper.application; includeInIndex = 0; path = ReminderApp.app; sourceTree = BUILT_PRODUCTS_DIR; };
		356EF6D42C33E3B30053974F /* AppDelegate.swift */ = {isa = PBXFileReference; lastKnownFileType = sourcecode.swift; path = AppDelegate.swift; sourceTree = "<group>"; };
		356EF6D62C33E3B30053974F /* SceneDelegate.swift */ = {isa = PBXFileReference; lastKnownFileType = sourcecode.swift; path = SceneDelegate.swift; sourceTree = "<group>"; };
		356EF6D82C33E3B30053974F /* ViewController.swift */ = {isa = PBXFileReference; lastKnownFileType = sourcecode.swift; path = ViewController.swift; sourceTree = "<group>"; };
		356EF6DD2C33E3B40053974F /* Assets.xcassets */ = {isa = PBXFileReference; lastKnownFileType = folder.assetcatalog; path = Assets.xcassets; sourceTree = "<group>"; };
		356EF6E02C33E3B40053974F /* Base */ = {isa = PBXFileReference; lastKnownFileType = file.storyboard; name = Base; path = Base.lproj/LaunchScreen.storyboard; sourceTree = "<group>"; };
		356EF6E22C33E3B40053974F /* Info.plist */ = {isa = PBXFileReference; lastKnownFileType = text.plist.xml; path = Info.plist; sourceTree = "<group>"; };
		356EF6E82C33E5860053974F /* BaseViewController.swift */ = {isa = PBXFileReference; lastKnownFileType = sourcecode.swift; path = BaseViewController.swift; sourceTree = "<group>"; };
		356EF6EA2C33E5BD0053974F /* HomeViewController.swift */ = {isa = PBXFileReference; lastKnownFileType = sourcecode.swift; path = HomeViewController.swift; sourceTree = "<group>"; };
		356EF6F62C33EEA20053974F /* ImageResource.swift */ = {isa = PBXFileReference; lastKnownFileType = sourcecode.swift; path = ImageResource.swift; sourceTree = "<group>"; };
		356EF6F82C33EEB50053974F /* DesignResource.swift */ = {isa = PBXFileReference; lastKnownFileType = sourcecode.swift; path = DesignResource.swift; sourceTree = "<group>"; };
		356EF6FD2C33F17C0053974F /* ReusableIdentifierProtocol.swift */ = {isa = PBXFileReference; lastKnownFileType = sourcecode.swift; path = ReusableIdentifierProtocol.swift; sourceTree = "<group>"; };
		356EF6FF2C33F1A10053974F /* HomeViewCollectionViewCell.swift */ = {isa = PBXFileReference; lastKnownFileType = sourcecode.swift; path = HomeViewCollectionViewCell.swift; sourceTree = "<group>"; };
		356EF7012C33F1C70053974F /* BaseCollectionViewCell.swift */ = {isa = PBXFileReference; lastKnownFileType = sourcecode.swift; path = BaseCollectionViewCell.swift; sourceTree = "<group>"; };
		356EF7042C33F1FC0053974F /* BaseTableViewCell.swift */ = {isa = PBXFileReference; lastKnownFileType = sourcecode.swift; path = BaseTableViewCell.swift; sourceTree = "<group>"; };
		356EF7062C33F7830053974F /* AddTaskViewController.swift */ = {isa = PBXFileReference; lastKnownFileType = sourcecode.swift; path = AddTaskViewController.swift; sourceTree = "<group>"; };
		356EF7082C33F7C30053974F /* TaskListDetailViewController.swift */ = {isa = PBXFileReference; lastKnownFileType = sourcecode.swift; path = TaskListDetailViewController.swift; sourceTree = "<group>"; };
		356EF70A2C33F7E00053974F /* TaskListDetailVCTableViewCell.swift */ = {isa = PBXFileReference; lastKnownFileType = sourcecode.swift; path = TaskListDetailVCTableViewCell.swift; sourceTree = "<group>"; };
		3586C50F2C343E2E0093A00F /* RealmModel.swift */ = {isa = PBXFileReference; lastKnownFileType = sourcecode.swift; path = RealmModel.swift; sourceTree = "<group>"; };
		3586C5112C34450F0093A00F /* ButtonConfiguration + Extension.swift */ = {isa = PBXFileReference; lastKnownFileType = sourcecode.swift; path = "ButtonConfiguration + Extension.swift"; sourceTree = "<group>"; };
/* End PBXFileReference section */

/* Begin PBXFrameworksBuildPhase section */
		356EF6CE2C33E3B30053974F /* Frameworks */ = {
			isa = PBXFrameworksBuildPhase;
			buildActionMask = 2147483647;
			files = (
				356EF6F42C33EDA70053974F /* SnapKit in Frameworks */,
				356EF6EE2C33ED880053974F /* RealmSwift in Frameworks */,
			);
			runOnlyForDeploymentPostprocessing = 0;
		};
/* End PBXFrameworksBuildPhase section */

/* Begin PBXGroup section */
		356EF6C82C33E3B30053974F = {
			isa = PBXGroup;
			children = (
				356EF6D32C33E3B30053974F /* ReminderApp */,
				356EF6D22C33E3B30053974F /* Products */,
			);
			sourceTree = "<group>";
		};
		356EF6D22C33E3B30053974F /* Products */ = {
			isa = PBXGroup;
			children = (
				356EF6D12C33E3B30053974F /* ReminderApp.app */,
			);
			name = Products;
			sourceTree = "<group>";
		};
		356EF6D32C33E3B30053974F /* ReminderApp */ = {
			isa = PBXGroup;
			children = (
				3586C50E2C343E1D0093A00F /* DataBase */,
				356EF7032C33F1EA0053974F /* Base */,
				356EF6FA2C33F12E0053974F /* Home  */,
				356EF6FB2C33F13D0053974F /* Add */,
				356EF6FC2C33F1470053974F /* Detail */,
				356EF6F52C33EE500053974F /* Enum */,
				356EF6D42C33E3B30053974F /* AppDelegate.swift */,
				356EF6D62C33E3B30053974F /* SceneDelegate.swift */,
				356EF6D82C33E3B30053974F /* ViewController.swift */,
				356EF6DD2C33E3B40053974F /* Assets.xcassets */,
				356EF6DF2C33E3B40053974F /* LaunchScreen.storyboard */,
				356EF6E22C33E3B40053974F /* Info.plist */,
				356EF6FD2C33F17C0053974F /* ReusableIdentifierProtocol.swift */,
				3586C5112C34450F0093A00F /* ButtonConfiguration + Extension.swift */,
			);
			path = ReminderApp;
			sourceTree = "<group>";
		};
		356EF6F52C33EE500053974F /* Enum */ = {
			isa = PBXGroup;
			children = (
				356EF6F62C33EEA20053974F /* ImageResource.swift */,
				356EF6F82C33EEB50053974F /* DesignResource.swift */,
			);
			path = Enum;
			sourceTree = "<group>";
		};
		356EF6FA2C33F12E0053974F /* Home  */ = {
			isa = PBXGroup;
			children = (
				356EF6EA2C33E5BD0053974F /* HomeViewController.swift */,
				356EF6FF2C33F1A10053974F /* HomeViewCollectionViewCell.swift */,
			);
			path = "Home ";
			sourceTree = "<group>";
		};
		356EF6FB2C33F13D0053974F /* Add */ = {
			isa = PBXGroup;
			children = (
				356EF7062C33F7830053974F /* AddTaskViewController.swift */,
			);
			path = Add;
			sourceTree = "<group>";
		};
		356EF6FC2C33F1470053974F /* Detail */ = {
			isa = PBXGroup;
			children = (
				356EF7082C33F7C30053974F /* TaskListDetailViewController.swift */,
				356EF70A2C33F7E00053974F /* TaskListDetailVCTableViewCell.swift */,
			);
			path = Detail;
			sourceTree = "<group>";
		};
		356EF7032C33F1EA0053974F /* Base */ = {
			isa = PBXGroup;
			children = (
				356EF7042C33F1FC0053974F /* BaseTableViewCell.swift */,
				356EF6E82C33E5860053974F /* BaseViewController.swift */,
				356EF7012C33F1C70053974F /* BaseCollectionViewCell.swift */,
			);
			path = Base;
			sourceTree = "<group>";
		};
		3586C50E2C343E1D0093A00F /* DataBase */ = {
			isa = PBXGroup;
			children = (
				3586C50F2C343E2E0093A00F /* RealmModel.swift */,
			);
			path = DataBase;
			sourceTree = "<group>";
		};
/* End PBXGroup section */

/* Begin PBXNativeTarget section */
		356EF6D02C33E3B30053974F /* ReminderApp */ = {
			isa = PBXNativeTarget;
			buildConfigurationList = 356EF6E52C33E3B40053974F /* Build configuration list for PBXNativeTarget "ReminderApp" */;
			buildPhases = (
				356EF6CD2C33E3B30053974F /* Sources */,
				356EF6CE2C33E3B30053974F /* Frameworks */,
				356EF6CF2C33E3B30053974F /* Resources */,
			);
			buildRules = (
			);
			dependencies = (
			);
			name = ReminderApp;
			packageProductDependencies = (
				356EF6ED2C33ED880053974F /* RealmSwift */,
				356EF6F32C33EDA70053974F /* SnapKit */,
			);
			productName = ReminderApp;
			productReference = 356EF6D12C33E3B30053974F /* ReminderApp.app */;
			productType = "com.apple.product-type.application";
		};
/* End PBXNativeTarget section */

/* Begin PBXProject section */
		356EF6C92C33E3B30053974F /* Project object */ = {
			isa = PBXProject;
			attributes = {
				BuildIndependentTargetsInParallel = 1;
				LastSwiftUpdateCheck = 1530;
				LastUpgradeCheck = 1530;
				TargetAttributes = {
					356EF6D02C33E3B30053974F = {
						CreatedOnToolsVersion = 15.3;
					};
				};
			};
			buildConfigurationList = 356EF6CC2C33E3B30053974F /* Build configuration list for PBXProject "ReminderApp" */;
			compatibilityVersion = "Xcode 14.0";
			developmentRegion = en;
			hasScannedForEncodings = 0;
			knownRegions = (
				en,
				Base,
			);
			mainGroup = 356EF6C82C33E3B30053974F;
			packageReferences = (
				356EF6EC2C33ED880053974F /* XCRemoteSwiftPackageReference "realm-swift" */,
				356EF6F22C33EDA70053974F /* XCRemoteSwiftPackageReference "SnapKit" */,
			);
			productRefGroup = 356EF6D22C33E3B30053974F /* Products */;
			projectDirPath = "";
			projectRoot = "";
			targets = (
				356EF6D02C33E3B30053974F /* ReminderApp */,
			);
		};
/* End PBXProject section */

/* Begin PBXResourcesBuildPhase section */
		356EF6CF2C33E3B30053974F /* Resources */ = {
			isa = PBXResourcesBuildPhase;
			buildActionMask = 2147483647;
			files = (
				356EF6DE2C33E3B40053974F /* Assets.xcassets in Resources */,
				356EF6E12C33E3B40053974F /* Base in Resources */,
			);
			runOnlyForDeploymentPostprocessing = 0;
		};
/* End PBXResourcesBuildPhase section */

/* Begin PBXSourcesBuildPhase section */
		356EF6CD2C33E3B30053974F /* Sources */ = {
			isa = PBXSourcesBuildPhase;
			buildActionMask = 2147483647;
			files = (
				356EF6EB2C33E5BD0053974F /* HomeViewController.swift in Sources */,
				356EF6F72C33EEA20053974F /* ImageResource.swift in Sources */,
				356EF70B2C33F7E00053974F /* TaskListDetailVCTableViewCell.swift in Sources */,
				356EF6D92C33E3B30053974F /* ViewController.swift in Sources */,
				356EF7002C33F1A10053974F /* HomeViewCollectionViewCell.swift in Sources */,
				356EF6E92C33E5860053974F /* BaseViewController.swift in Sources */,
				356EF7052C33F1FC0053974F /* BaseTableViewCell.swift in Sources */,
				356EF7092C33F7C30053974F /* TaskListDetailViewController.swift in Sources */,
				356EF7022C33F1C70053974F /* BaseCollectionViewCell.swift in Sources */,
				356EF6F92C33EEB50053974F /* DesignResource.swift in Sources */,
				356EF6D52C33E3B30053974F /* AppDelegate.swift in Sources */,
				3586C5102C343E2E0093A00F /* RealmModel.swift in Sources */,
				356EF7072C33F7830053974F /* AddTaskViewController.swift in Sources */,
				3586C5122C34450F0093A00F /* ButtonConfiguration + Extension.swift in Sources */,
				356EF6FE2C33F17C0053974F /* ReusableIdentifierProtocol.swift in Sources */,
				356EF6D72C33E3B30053974F /* SceneDelegate.swift in Sources */,
			);
			runOnlyForDeploymentPostprocessing = 0;
		};
/* End PBXSourcesBuildPhase section */

/* Begin PBXVariantGroup section */
		356EF6DF2C33E3B40053974F /* LaunchScreen.storyboard */ = {
			isa = PBXVariantGroup;
			children = (
				356EF6E02C33E3B40053974F /* Base */,
			);
			name = LaunchScreen.storyboard;
			sourceTree = "<group>";
		};
/* End PBXVariantGroup section */

/* Begin XCBuildConfiguration section */
		356EF6E32C33E3B40053974F /* Debug */ = {
			isa = XCBuildConfiguration;
			buildSettings = {
				ALWAYS_SEARCH_USER_PATHS = NO;
				ASSETCATALOG_COMPILER_GENERATE_SWIFT_ASSET_SYMBOL_EXTENSIONS = YES;
				CLANG_ANALYZER_NONNULL = YES;
				CLANG_ANALYZER_NUMBER_OBJECT_CONVERSION = YES_AGGRESSIVE;
				CLANG_CXX_LANGUAGE_STANDARD = "gnu++20";
				CLANG_ENABLE_MODULES = YES;
				CLANG_ENABLE_OBJC_ARC = YES;
				CLANG_ENABLE_OBJC_WEAK = YES;
				CLANG_WARN_BLOCK_CAPTURE_AUTORELEASING = YES;
				CLANG_WARN_BOOL_CONVERSION = YES;
				CLANG_WARN_COMMA = YES;
				CLANG_WARN_CONSTANT_CONVERSION = YES;
				CLANG_WARN_DEPRECATED_OBJC_IMPLEMENTATIONS = YES;
				CLANG_WARN_DIRECT_OBJC_ISA_USAGE = YES_ERROR;
				CLANG_WARN_DOCUMENTATION_COMMENTS = YES;
				CLANG_WARN_EMPTY_BODY = YES;
				CLANG_WARN_ENUM_CONVERSION = YES;
				CLANG_WARN_INFINITE_RECURSION = YES;
				CLANG_WARN_INT_CONVERSION = YES;
				CLANG_WARN_NON_LITERAL_NULL_CONVERSION = YES;
				CLANG_WARN_OBJC_IMPLICIT_RETAIN_SELF = YES;
				CLANG_WARN_OBJC_LITERAL_CONVERSION = YES;
				CLANG_WARN_OBJC_ROOT_CLASS = YES_ERROR;
				CLANG_WARN_QUOTED_INCLUDE_IN_FRAMEWORK_HEADER = YES;
				CLANG_WARN_RANGE_LOOP_ANALYSIS = YES;
				CLANG_WARN_STRICT_PROTOTYPES = YES;
				CLANG_WARN_SUSPICIOUS_MOVE = YES;
				CLANG_WARN_UNGUARDED_AVAILABILITY = YES_AGGRESSIVE;
				CLANG_WARN_UNREACHABLE_CODE = YES;
				CLANG_WARN__DUPLICATE_METHOD_MATCH = YES;
				COPY_PHASE_STRIP = NO;
				DEBUG_INFORMATION_FORMAT = dwarf;
				ENABLE_STRICT_OBJC_MSGSEND = YES;
				ENABLE_TESTABILITY = YES;
				ENABLE_USER_SCRIPT_SANDBOXING = YES;
				GCC_C_LANGUAGE_STANDARD = gnu17;
				GCC_DYNAMIC_NO_PIC = NO;
				GCC_NO_COMMON_BLOCKS = YES;
				GCC_OPTIMIZATION_LEVEL = 0;
				GCC_PREPROCESSOR_DEFINITIONS = (
					"DEBUG=1",
					"$(inherited)",
				);
				GCC_WARN_64_TO_32_BIT_CONVERSION = YES;
				GCC_WARN_ABOUT_RETURN_TYPE = YES_ERROR;
				GCC_WARN_UNDECLARED_SELECTOR = YES;
				GCC_WARN_UNINITIALIZED_AUTOS = YES_AGGRESSIVE;
				GCC_WARN_UNUSED_FUNCTION = YES;
				GCC_WARN_UNUSED_VARIABLE = YES;
				IPHONEOS_DEPLOYMENT_TARGET = 17.4;
				LOCALIZATION_PREFERS_STRING_CATALOGS = YES;
				MTL_ENABLE_DEBUG_INFO = INCLUDE_SOURCE;
				MTL_FAST_MATH = YES;
				ONLY_ACTIVE_ARCH = YES;
				SDKROOT = iphoneos;
				SWIFT_ACTIVE_COMPILATION_CONDITIONS = "DEBUG $(inherited)";
				SWIFT_OPTIMIZATION_LEVEL = "-Onone";
			};
			name = Debug;
		};
		356EF6E42C33E3B40053974F /* Release */ = {
			isa = XCBuildConfiguration;
			buildSettings = {
				ALWAYS_SEARCH_USER_PATHS = NO;
				ASSETCATALOG_COMPILER_GENERATE_SWIFT_ASSET_SYMBOL_EXTENSIONS = YES;
				CLANG_ANALYZER_NONNULL = YES;
				CLANG_ANALYZER_NUMBER_OBJECT_CONVERSION = YES_AGGRESSIVE;
				CLANG_CXX_LANGUAGE_STANDARD = "gnu++20";
				CLANG_ENABLE_MODULES = YES;
				CLANG_ENABLE_OBJC_ARC = YES;
				CLANG_ENABLE_OBJC_WEAK = YES;
				CLANG_WARN_BLOCK_CAPTURE_AUTORELEASING = YES;
				CLANG_WARN_BOOL_CONVERSION = YES;
				CLANG_WARN_COMMA = YES;
				CLANG_WARN_CONSTANT_CONVERSION = YES;
				CLANG_WARN_DEPRECATED_OBJC_IMPLEMENTATIONS = YES;
				CLANG_WARN_DIRECT_OBJC_ISA_USAGE = YES_ERROR;
				CLANG_WARN_DOCUMENTATION_COMMENTS = YES;
				CLANG_WARN_EMPTY_BODY = YES;
				CLANG_WARN_ENUM_CONVERSION = YES;
				CLANG_WARN_INFINITE_RECURSION = YES;
				CLANG_WARN_INT_CONVERSION = YES;
				CLANG_WARN_NON_LITERAL_NULL_CONVERSION = YES;
				CLANG_WARN_OBJC_IMPLICIT_RETAIN_SELF = YES;
				CLANG_WARN_OBJC_LITERAL_CONVERSION = YES;
				CLANG_WARN_OBJC_ROOT_CLASS = YES_ERROR;
				CLANG_WARN_QUOTED_INCLUDE_IN_FRAMEWORK_HEADER = YES;
				CLANG_WARN_RANGE_LOOP_ANALYSIS = YES;
				CLANG_WARN_STRICT_PROTOTYPES = YES;
				CLANG_WARN_SUSPICIOUS_MOVE = YES;
				CLANG_WARN_UNGUARDED_AVAILABILITY = YES_AGGRESSIVE;
				CLANG_WARN_UNREACHABLE_CODE = YES;
				CLANG_WARN__DUPLICATE_METHOD_MATCH = YES;
				COPY_PHASE_STRIP = NO;
				DEBUG_INFORMATION_FORMAT = "dwarf-with-dsym";
				ENABLE_NS_ASSERTIONS = NO;
				ENABLE_STRICT_OBJC_MSGSEND = YES;
				ENABLE_USER_SCRIPT_SANDBOXING = YES;
				GCC_C_LANGUAGE_STANDARD = gnu17;
				GCC_NO_COMMON_BLOCKS = YES;
				GCC_WARN_64_TO_32_BIT_CONVERSION = YES;
				GCC_WARN_ABOUT_RETURN_TYPE = YES_ERROR;
				GCC_WARN_UNDECLARED_SELECTOR = YES;
				GCC_WARN_UNINITIALIZED_AUTOS = YES_AGGRESSIVE;
				GCC_WARN_UNUSED_FUNCTION = YES;
				GCC_WARN_UNUSED_VARIABLE = YES;
				IPHONEOS_DEPLOYMENT_TARGET = 17.4;
				LOCALIZATION_PREFERS_STRING_CATALOGS = YES;
				MTL_ENABLE_DEBUG_INFO = NO;
				MTL_FAST_MATH = YES;
				SDKROOT = iphoneos;
				SWIFT_COMPILATION_MODE = wholemodule;
				VALIDATE_PRODUCT = YES;
			};
			name = Release;
		};
		356EF6E62C33E3B40053974F /* Debug */ = {
			isa = XCBuildConfiguration;
			buildSettings = {
				ASSETCATALOG_COMPILER_APPICON_NAME = AppIcon;
				ASSETCATALOG_COMPILER_GLOBAL_ACCENT_COLOR_NAME = AccentColor;
				CODE_SIGN_STYLE = Automatic;
				CURRENT_PROJECT_VERSION = 1;
				DEVELOPMENT_TEAM = F3724U2GB3;
				GENERATE_INFOPLIST_FILE = YES;
				INFOPLIST_FILE = ReminderApp/Info.plist;
				INFOPLIST_KEY_UIApplicationSupportsIndirectInputEvents = YES;
				INFOPLIST_KEY_UILaunchStoryboardName = LaunchScreen;
				INFOPLIST_KEY_UIMainStoryboardFile = "";
				INFOPLIST_KEY_UISupportedInterfaceOrientations = UIInterfaceOrientationPortrait;
				INFOPLIST_KEY_UISupportedInterfaceOrientations_iPad = UIInterfaceOrientationPortrait;
				IPHONEOS_DEPLOYMENT_TARGET = 15.0;
				LD_RUNPATH_SEARCH_PATHS = (
					"$(inherited)",
					"@executable_path/Frameworks",
				);
				MARKETING_VERSION = 1.0;
				PRODUCT_BUNDLE_IDENTIFIER = joy.ReminderApp;
				PRODUCT_NAME = "$(TARGET_NAME)";
				SUPPORTED_PLATFORMS = "iphoneos iphonesimulator";
				SUPPORTS_MACCATALYST = NO;
				SUPPORTS_MAC_DESIGNED_FOR_IPHONE_IPAD = NO;
				SUPPORTS_XR_DESIGNED_FOR_IPHONE_IPAD = NO;
				SWIFT_EMIT_LOC_STRINGS = YES;
				SWIFT_VERSION = 5.0;
				TARGETED_DEVICE_FAMILY = 1;
			};
			name = Debug;
		};
		356EF6E72C33E3B40053974F /* Release */ = {
			isa = XCBuildConfiguration;
			buildSettings = {
				ASSETCATALOG_COMPILER_APPICON_NAME = AppIcon;
				ASSETCATALOG_COMPILER_GLOBAL_ACCENT_COLOR_NAME = AccentColor;
				CODE_SIGN_STYLE = Automatic;
				CURRENT_PROJECT_VERSION = 1;
				DEVELOPMENT_TEAM = F3724U2GB3;
				GENERATE_INFOPLIST_FILE = YES;
				INFOPLIST_FILE = ReminderApp/Info.plist;
				INFOPLIST_KEY_UIApplicationSupportsIndirectInputEvents = YES;
				INFOPLIST_KEY_UILaunchStoryboardName = LaunchScreen;
				INFOPLIST_KEY_UIMainStoryboardFile = "";
				INFOPLIST_KEY_UISupportedInterfaceOrientations = UIInterfaceOrientationPortrait;
				INFOPLIST_KEY_UISupportedInterfaceOrientations_iPad = UIInterfaceOrientationPortrait;
				IPHONEOS_DEPLOYMENT_TARGET = 15.0;
				LD_RUNPATH_SEARCH_PATHS = (
					"$(inherited)",
					"@executable_path/Frameworks",
				);
				MARKETING_VERSION = 1.0;
				PRODUCT_BUNDLE_IDENTIFIER = joy.ReminderApp;
				PRODUCT_NAME = "$(TARGET_NAME)";
				SUPPORTED_PLATFORMS = "iphoneos iphonesimulator";
				SUPPORTS_MACCATALYST = NO;
				SUPPORTS_MAC_DESIGNED_FOR_IPHONE_IPAD = NO;
				SUPPORTS_XR_DESIGNED_FOR_IPHONE_IPAD = NO;
				SWIFT_EMIT_LOC_STRINGS = YES;
				SWIFT_VERSION = 5.0;
				TARGETED_DEVICE_FAMILY = 1;
			};
			name = Release;
		};
/* End XCBuildConfiguration section */

/* Begin XCConfigurationList section */
		356EF6CC2C33E3B30053974F /* Build configuration list for PBXProject "ReminderApp" */ = {
			isa = XCConfigurationList;
			buildConfigurations = (
				356EF6E32C33E3B40053974F /* Debug */,
				356EF6E42C33E3B40053974F /* Release */,
			);
			defaultConfigurationIsVisible = 0;
			defaultConfigurationName = Release;
		};
		356EF6E52C33E3B40053974F /* Build configuration list for PBXNativeTarget "ReminderApp" */ = {
			isa = XCConfigurationList;
			buildConfigurations = (
				356EF6E62C33E3B40053974F /* Debug */,
				356EF6E72C33E3B40053974F /* Release */,
			);
			defaultConfigurationIsVisible = 0;
			defaultConfigurationName = Release;
		};
/* End XCConfigurationList section */

/* Begin XCRemoteSwiftPackageReference section */
		356EF6EC2C33ED880053974F /* XCRemoteSwiftPackageReference "realm-swift" */ = {
			isa = XCRemoteSwiftPackageReference;
			repositoryURL = "https://github.com/realm/realm-swift.git";
			requirement = {
				kind = exactVersion;
				version = 10.52.1;
			};
		};
		356EF6F22C33EDA70053974F /* XCRemoteSwiftPackageReference "SnapKit" */ = {
			isa = XCRemoteSwiftPackageReference;
			repositoryURL = "https://github.com/SnapKit/SnapKit.git";
			requirement = {
				kind = upToNextMajorVersion;
				minimumVersion = 5.7.1;
			};
		};
/* End XCRemoteSwiftPackageReference section */

/* Begin XCSwiftPackageProductDependency section */
		356EF6ED2C33ED880053974F /* RealmSwift */ = {
			isa = XCSwiftPackageProductDependency;
			package = 356EF6EC2C33ED880053974F /* XCRemoteSwiftPackageReference "realm-swift" */;
			productName = RealmSwift;
		};
		356EF6F32C33EDA70053974F /* SnapKit */ = {
			isa = XCSwiftPackageProductDependency;
			package = 356EF6F22C33EDA70053974F /* XCRemoteSwiftPackageReference "SnapKit" */;
			productName = SnapKit;
		};
/* End XCSwiftPackageProductDependency section */
	};
	rootObject = 356EF6C92C33E3B30053974F /* Project object */;
}
